// !$*UTF8*$!
{
	archiveVersion = 1;
	classes = {
	};
	objectVersion = 77;
	objects = {

/* Begin PBXBuildFile section */
		1381AFE7BC72FD04281E73B4 /* URLSessionHTTPClientTests.swift in Sources */ = {isa = PBXBuildFile; fileRef = 04208635B62D02A9F52DD6E9 /* URLSessionHTTPClientTests.swift */; };
		23C15EE82E14C00700F01B82 /* SwiftSoup in Frameworks */ = {isa = PBXBuildFile; productRef = 23C15EE72E14C00700F01B82 /* SwiftSoup */; };
		241EEE15B0FC4994D581E9B2 /* RemoteCarInfoLoaderTests.swift in Sources */ = {isa = PBXBuildFile; fileRef = C12A6B124DE743101C939382 /* RemoteCarInfoLoaderTests.swift */; };
		251A151B357BDDC9F6C421B0 /* RemoteCarInfoLoader.swift in Sources */ = {isa = PBXBuildFile; fileRef = D03E2C93E354D1F0ED93B881 /* RemoteCarInfoLoader.swift */; };
		29CA7BF8F10F6CE718713ACF /* CarInfoLoader.swift in Sources */ = {isa = PBXBuildFile; fileRef = F4E4B6C64E51C4FC300B7052 /* CarInfoLoader.swift */; };
		2DC399746838B93CEC4A59D7 /* CarInfoError.swift in Sources */ = {isa = PBXBuildFile; fileRef = 53E2E8780A5636A5F1FBBB43 /* CarInfoError.swift */; };
		3B0806C0FA2D0B846EFB7FD5 /* Cocoa.framework in Frameworks */ = {isa = PBXBuildFile; fileRef = 75BF773639142EC656FC5515 /* Cocoa.framework */; };
		46F90654F7FD4FCFAE8D752A /* PlateFinder.framework in Frameworks */ = {isa = PBXBuildFile; fileRef = CFEB7C29BE65AEC62A5EDA22 /* PlateFinder.framework */; };
		4B7D9FB0F79D5BA3C087A65D /* URLSessionHTTPClient.swift in Sources */ = {isa = PBXBuildFile; fileRef = 8F7D0680CCD26BA6559FE615 /* URLSessionHTTPClient.swift */; };
		4DB5F6A903D19A74DA2C09DC /* SwiftSoup in Frameworks */ = {isa = PBXBuildFile; productRef = 48261460370CAD1D0ADC68A8 /* SwiftSoup */; };
		610D495C06EAEBE4611EAD59 /* PlateFinderAPIEndToEndTests.swift in Sources */ = {isa = PBXBuildFile; fileRef = D15B20904727F75CEDFDFA1D /* PlateFinderAPIEndToEndTests.swift */; };
		6331811970A9EB50E7313F4F /* Cocoa.framework in Frameworks */ = {isa = PBXBuildFile; fileRef = 75BF773639142EC656FC5515 /* Cocoa.framework */; };
		B485F9228644EEAAB7FF4E4A /* PlateFinder.framework in Frameworks */ = {isa = PBXBuildFile; fileRef = CFEB7C29BE65AEC62A5EDA22 /* PlateFinder.framework */; };
		EDE519AC1FA3C5FDBCC5D2BF /* Cocoa.framework in Frameworks */ = {isa = PBXBuildFile; fileRef = 75BF773639142EC656FC5515 /* Cocoa.framework */; };
		F946CEA906D0625192B50CBB /* Car.swift in Sources */ = {isa = PBXBuildFile; fileRef = 69E691EF2F90D9CF7107517C /* Car.swift */; };
/* End PBXBuildFile section */

/* Begin PBXContainerItemProxy section */
		0D9B96FD314D6CB2783F17C8 /* PBXContainerItemProxy */ = {
			isa = PBXContainerItemProxy;
			containerPortal = 23C15EBC2E14A8FD00F01B82 /* Project object */;
			proxyType = 1;
			remoteGlobalIDString = EE9ACE95C4FD24CC61BA688E;
			remoteInfo = PlateFinder;
		};
		D8A940BC585CE643B7535661 /* PBXContainerItemProxy */ = {
			isa = PBXContainerItemProxy;
			containerPortal = 23C15EBC2E14A8FD00F01B82 /* Project object */;
			proxyType = 1;
			remoteGlobalIDString = EE9ACE95C4FD24CC61BA688E;
			remoteInfo = PlateFinder;
		};
/* End PBXContainerItemProxy section */

/* Begin PBXFileReference section */
		04208635B62D02A9F52DD6E9 /* URLSessionHTTPClientTests.swift */ = {isa = PBXFileReference; includeInIndex = 1; lastKnownFileType = sourcecode.swift; path = URLSessionHTTPClientTests.swift; sourceTree = "<group>"; };
		23C15EC42E14A8FD00F01B82 /* PlateFinder.app */ = {isa = PBXFileReference; explicitFileType = wrapper.application; includeInIndex = 0; path = PlateFinder.app; sourceTree = BUILT_PRODUCTS_DIR; };
		53E2E8780A5636A5F1FBBB43 /* CarInfoError.swift */ = {isa = PBXFileReference; includeInIndex = 1; lastKnownFileType = sourcecode.swift; path = CarInfoError.swift; sourceTree = "<group>"; };
		600AF4B7C3E625810B0D3EE5 /* PlateFinderTests.xctest */ = {isa = PBXFileReference; explicitFileType = wrapper.cfbundle; includeInIndex = 0; path = PlateFinderTests.xctest; sourceTree = BUILT_PRODUCTS_DIR; };
		69E691EF2F90D9CF7107517C /* Car.swift */ = {isa = PBXFileReference; includeInIndex = 1; lastKnownFileType = sourcecode.swift; path = Car.swift; sourceTree = "<group>"; };
		75BF773639142EC656FC5515 /* Cocoa.framework */ = {isa = PBXFileReference; lastKnownFileType = wrapper.framework; name = Cocoa.framework; path = Platforms/MacOSX.platform/Developer/SDKs/MacOSX15.0.sdk/System/Library/Frameworks/Cocoa.framework; sourceTree = DEVELOPER_DIR; };
		8F7D0680CCD26BA6559FE615 /* URLSessionHTTPClient.swift */ = {isa = PBXFileReference; includeInIndex = 1; lastKnownFileType = sourcecode.swift; path = URLSessionHTTPClient.swift; sourceTree = "<group>"; };
		B0EF256A00E5E125789091E5 /* PlateFinderAPIEndToEndTests.xctest */ = {isa = PBXFileReference; explicitFileType = wrapper.cfbundle; includeInIndex = 0; path = PlateFinderAPIEndToEndTests.xctest; sourceTree = BUILT_PRODUCTS_DIR; };
		C12A6B124DE743101C939382 /* RemoteCarInfoLoaderTests.swift */ = {isa = PBXFileReference; includeInIndex = 1; lastKnownFileType = sourcecode.swift; path = RemoteCarInfoLoaderTests.swift; sourceTree = "<group>"; };
		CFEB7C29BE65AEC62A5EDA22 /* PlateFinder.framework */ = {isa = PBXFileReference; explicitFileType = wrapper.framework; includeInIndex = 0; path = PlateFinder.framework; sourceTree = BUILT_PRODUCTS_DIR; };
		D03E2C93E354D1F0ED93B881 /* RemoteCarInfoLoader.swift */ = {isa = PBXFileReference; includeInIndex = 1; lastKnownFileType = sourcecode.swift; path = RemoteCarInfoLoader.swift; sourceTree = "<group>"; };
		D15B20904727F75CEDFDFA1D /* PlateFinderAPIEndToEndTests.swift */ = {isa = PBXFileReference; includeInIndex = 1; lastKnownFileType = sourcecode.swift; path = PlateFinderAPIEndToEndTests.swift; sourceTree = "<group>"; };
		F4E4B6C64E51C4FC300B7052 /* CarInfoLoader.swift */ = {isa = PBXFileReference; includeInIndex = 1; lastKnownFileType = sourcecode.swift; path = CarInfoLoader.swift; sourceTree = "<group>"; };
/* End PBXFileReference section */

/* Begin PBXFileSystemSynchronizedRootGroup section */
		23C15EC62E14A8FD00F01B82 /* PlateFinder */ = {
			isa = PBXFileSystemSynchronizedRootGroup;
			exceptions = (
			);
			path = PlateFinder;
			sourceTree = "<group>";
		};
/* End PBXFileSystemSynchronizedRootGroup section */

/* Begin PBXFrameworksBuildPhase section */
		23C15EC12E14A8FD00F01B82 /* Frameworks */ = {
			isa = PBXFrameworksBuildPhase;
			buildActionMask = 2147483647;
			files = (
				23C15EE82E14C00700F01B82 /* SwiftSoup in Frameworks */,
			);
			runOnlyForDeploymentPostprocessing = 0;
		};
		34FB395BE0DF455819D52CD4 /* Frameworks */ = {
			isa = PBXFrameworksBuildPhase;
			buildActionMask = 2147483647;
			files = (
				6331811970A9EB50E7313F4F /* Cocoa.framework in Frameworks */,
				B485F9228644EEAAB7FF4E4A /* PlateFinder.framework in Frameworks */,
			);
			runOnlyForDeploymentPostprocessing = 0;
		};
		9A134FD44C61AB874D9708BB /* Frameworks */ = {
			isa = PBXFrameworksBuildPhase;
			buildActionMask = 2147483647;
			files = (
				3B0806C0FA2D0B846EFB7FD5 /* Cocoa.framework in Frameworks */,
				46F90654F7FD4FCFAE8D752A /* PlateFinder.framework in Frameworks */,
				4DB5F6A903D19A74DA2C09DC /* SwiftSoup in Frameworks */,
			);
			runOnlyForDeploymentPostprocessing = 0;
		};
		CDB01769A73BFD4C4493A5E8 /* Frameworks */ = {
			isa = PBXFrameworksBuildPhase;
			buildActionMask = 2147483647;
			files = (
				EDE519AC1FA3C5FDBCC5D2BF /* Cocoa.framework in Frameworks */,
			);
			runOnlyForDeploymentPostprocessing = 0;
		};
/* End PBXFrameworksBuildPhase section */

/* Begin PBXGroup section */
		1A1456DE2E3CB8CFEC629712 /* Frameworks */ = {
			isa = PBXGroup;
			children = (
				1E346C614AD5CC82B0F1A8FB /* OS X */,
			);
			name = Frameworks;
			sourceTree = "<group>";
		};
		1E346C614AD5CC82B0F1A8FB /* OS X */ = {
			isa = PBXGroup;
			children = (
				75BF773639142EC656FC5515 /* Cocoa.framework */,
			);
			name = "OS X";
			sourceTree = "<group>";
		};
		23C15EBB2E14A8FD00F01B82 = {
			isa = PBXGroup;
			children = (
				23C15EC62E14A8FD00F01B82 /* PlateFinder */,
				23C15EC52E14A8FD00F01B82 /* Products */,
				1A1456DE2E3CB8CFEC629712 /* Frameworks */,
				289894240C0F16DC86DB31F9 /* PlateFinderDomain */,
				C240684EEB6C266CACC670A1 /* PlateFinderTests */,
				476B437775C7F922C183C211 /* PlateFinderAPIEndToEndTests */,
			);
			sourceTree = "<group>";
		};
		23C15EC52E14A8FD00F01B82 /* Products */ = {
			isa = PBXGroup;
			children = (
				23C15EC42E14A8FD00F01B82 /* PlateFinder.app */,
				CFEB7C29BE65AEC62A5EDA22 /* PlateFinder.framework */,
				600AF4B7C3E625810B0D3EE5 /* PlateFinderTests.xctest */,
				B0EF256A00E5E125789091E5 /* PlateFinderAPIEndToEndTests.xctest */,
			);
			name = Products;
			sourceTree = "<group>";
		};
		289894240C0F16DC86DB31F9 /* PlateFinderDomain */ = {
			isa = PBXGroup;
			children = (
				69E691EF2F90D9CF7107517C /* Car.swift */,
				53E2E8780A5636A5F1FBBB43 /* CarInfoError.swift */,
				F4E4B6C64E51C4FC300B7052 /* CarInfoLoader.swift */,
				D03E2C93E354D1F0ED93B881 /* RemoteCarInfoLoader.swift */,
				8F7D0680CCD26BA6559FE615 /* URLSessionHTTPClient.swift */,
			);
			name = PlateFinderDomain;
			path = PlateFinderDomain;
			sourceTree = "<group>";
		};
		476B437775C7F922C183C211 /* PlateFinderAPIEndToEndTests */ = {
			isa = PBXGroup;
			children = (
				D15B20904727F75CEDFDFA1D /* PlateFinderAPIEndToEndTests.swift */,
			);
			name = PlateFinderAPIEndToEndTests;
			path = PlateFinderAPIEndToEndTests;
			sourceTree = "<group>";
		};
		C240684EEB6C266CACC670A1 /* PlateFinderTests */ = {
			isa = PBXGroup;
			children = (
				C12A6B124DE743101C939382 /* RemoteCarInfoLoaderTests.swift */,
				04208635B62D02A9F52DD6E9 /* URLSessionHTTPClientTests.swift */,
			);
			name = PlateFinderTests;
			path = PlateFinderTests;
			sourceTree = "<group>";
		};
/* End PBXGroup section */

/* Begin PBXHeadersBuildPhase section */
		65D079B3CEEF4A54BCB562EA /* Headers */ = {
			isa = PBXHeadersBuildPhase;
			buildActionMask = 2147483647;
			files = (
			);
			runOnlyForDeploymentPostprocessing = 0;
		};
/* End PBXHeadersBuildPhase section */

/* Begin PBXNativeTarget section */
		07BEF5092AFE2372B64C3540 /* PlateFinderAPIEndToEndTests */ = {
			isa = PBXNativeTarget;
			buildConfigurationList = 819744C1A644BBD180E3F496 /* Build configuration list for PBXNativeTarget "PlateFinderAPIEndToEndTests" */;
			buildPhases = (
				01B7F1563A52D2582B906B41 /* Sources */,
				9A134FD44C61AB874D9708BB /* Frameworks */,
				A5FBD4192D41D72A44B3C698 /* Resources */,
			);
			buildRules = (
			);
			dependencies = (
				0B5D12F6C6D33AF71F28D4EC /* PBXTargetDependency */,
			);
			name = PlateFinderAPIEndToEndTests;
			packageProductDependencies = (
				48261460370CAD1D0ADC68A8 /* SwiftSoup */,
			);
			productName = PlateFinderAPIEndToEndTests;
			productReference = B0EF256A00E5E125789091E5 /* PlateFinderAPIEndToEndTests.xctest */;
			productType = "com.apple.product-type.bundle.unit-test";
		};
		23C15EC32E14A8FD00F01B82 /* PlateFinder */ = {
			isa = PBXNativeTarget;
			buildConfigurationList = 23C15ECF2E14A90100F01B82 /* Build configuration list for PBXNativeTarget "PlateFinder" */;
			buildPhases = (
				23C15EC02E14A8FD00F01B82 /* Sources */,
				23C15EC12E14A8FD00F01B82 /* Frameworks */,
				23C15EC22E14A8FD00F01B82 /* Resources */,
			);
			buildRules = (
			);
			dependencies = (
			);
			fileSystemSynchronizedGroups = (
				23C15EC62E14A8FD00F01B82 /* PlateFinder */,
			);
			name = PlateFinder;
			packageProductDependencies = (
				23C15EE72E14C00700F01B82 /* SwiftSoup */,
			);
			productName = PlateFinder;
			productReference = 23C15EC42E14A8FD00F01B82 /* PlateFinder.app */;
			productType = "com.apple.product-type.application";
		};
		7211BC037143861D1C0A07FE /* PlateFinderTests */ = {
			isa = PBXNativeTarget;
			buildConfigurationList = 69629BFB8BCCA1A82D97849E /* Build configuration list for PBXNativeTarget "PlateFinderTests" */;
			buildPhases = (
				59984F40F175661D4D46E0AC /* Sources */,
				34FB395BE0DF455819D52CD4 /* Frameworks */,
				A365C517B6CA588B32A9F9F3 /* Resources */,
			);
			buildRules = (
			);
			dependencies = (
				E550B8CCDA52F0CFDA4F00FF /* PBXTargetDependency */,
			);
			name = PlateFinderTests;
			productName = PlateFinderTests;
			productReference = 600AF4B7C3E625810B0D3EE5 /* PlateFinderTests.xctest */;
			productType = "com.apple.product-type.bundle.unit-test";
		};
		EE9ACE95C4FD24CC61BA688E /* PlateFinder */ = {
			isa = PBXNativeTarget;
			buildConfigurationList = 99FB5A88046E9999C482F282 /* Build configuration list for PBXNativeTarget "PlateFinder" */;
			buildPhases = (
				65D079B3CEEF4A54BCB562EA /* Headers */,
				A7D5EA9E2D240A3511531E97 /* Sources */,
				CDB01769A73BFD4C4493A5E8 /* Frameworks */,
				77317C700F651DF5D424AB66 /* Resources */,
			);
			buildRules = (
			);
			dependencies = (
			);
			name = PlateFinder;
			productName = PlateFinder;
			productReference = CFEB7C29BE65AEC62A5EDA22 /* PlateFinder.framework */;
			productType = "com.apple.product-type.framework";
		};
/* End PBXNativeTarget section */

/* Begin PBXProject section */
		23C15EBC2E14A8FD00F01B82 /* Project object */ = {
			isa = PBXProject;
			attributes = {
				BuildIndependentTargetsInParallel = 1;
				LastSwiftUpdateCheck = 1640;
				LastUpgradeCheck = 1640;
				TargetAttributes = {
					23C15EC32E14A8FD00F01B82 = {
						CreatedOnToolsVersion = 16.4;
					};
				};
			};
			buildConfigurationList = 23C15EBF2E14A8FD00F01B82 /* Build configuration list for PBXProject "PlateFinder" */;
			developmentRegion = en;
			hasScannedForEncodings = 0;
			knownRegions = (
				en,
				Base,
				es,
			);
			mainGroup = 23C15EBB2E14A8FD00F01B82;
			minimizedProjectReferenceProxies = 1;
			packageReferences = (
				23C15EE62E14C00600F01B82 /* XCRemoteSwiftPackageReference "SwiftSoup" */,
			);
			preferredProjectObjectVersion = 77;
			productRefGroup = 23C15EC52E14A8FD00F01B82 /* Products */;
			projectDirPath = "";
			projectRoot = "";
			targets = (
				23C15EC32E14A8FD00F01B82 /* PlateFinder */,
				EE9ACE95C4FD24CC61BA688E /* PlateFinder */,
				7211BC037143861D1C0A07FE /* PlateFinderTests */,
				07BEF5092AFE2372B64C3540 /* PlateFinderAPIEndToEndTests */,
			);
		};
/* End PBXProject section */

/* Begin PBXResourcesBuildPhase section */
		23C15EC22E14A8FD00F01B82 /* Resources */ = {
			isa = PBXResourcesBuildPhase;
			buildActionMask = 2147483647;
			files = (
			);
			runOnlyForDeploymentPostprocessing = 0;
		};
		77317C700F651DF5D424AB66 /* Resources */ = {
			isa = PBXResourcesBuildPhase;
			buildActionMask = 2147483647;
			files = (
			);
			runOnlyForDeploymentPostprocessing = 0;
		};
		A365C517B6CA588B32A9F9F3 /* Resources */ = {
			isa = PBXResourcesBuildPhase;
			buildActionMask = 2147483647;
			files = (
			);
			runOnlyForDeploymentPostprocessing = 0;
		};
		A5FBD4192D41D72A44B3C698 /* Resources */ = {
			isa = PBXResourcesBuildPhase;
			buildActionMask = 2147483647;
			files = (
			);
			runOnlyForDeploymentPostprocessing = 0;
		};
/* End PBXResourcesBuildPhase section */

/* Begin PBXSourcesBuildPhase section */
		01B7F1563A52D2582B906B41 /* Sources */ = {
			isa = PBXSourcesBuildPhase;
			buildActionMask = 2147483647;
			files = (
				610D495C06EAEBE4611EAD59 /* PlateFinderAPIEndToEndTests.swift in Sources */,
			);
			runOnlyForDeploymentPostprocessing = 0;
		};
		23C15EC02E14A8FD00F01B82 /* Sources */ = {
			isa = PBXSourcesBuildPhase;
			buildActionMask = 2147483647;
			files = (
			);
			runOnlyForDeploymentPostprocessing = 0;
		};
		59984F40F175661D4D46E0AC /* Sources */ = {
			isa = PBXSourcesBuildPhase;
			buildActionMask = 2147483647;
			files = (
				241EEE15B0FC4994D581E9B2 /* RemoteCarInfoLoaderTests.swift in Sources */,
				1381AFE7BC72FD04281E73B4 /* URLSessionHTTPClientTests.swift in Sources */,
			);
			runOnlyForDeploymentPostprocessing = 0;
		};
		A7D5EA9E2D240A3511531E97 /* Sources */ = {
			isa = PBXSourcesBuildPhase;
			buildActionMask = 2147483647;
			files = (
				F946CEA906D0625192B50CBB /* Car.swift in Sources */,
				2DC399746838B93CEC4A59D7 /* CarInfoError.swift in Sources */,
				29CA7BF8F10F6CE718713ACF /* CarInfoLoader.swift in Sources */,
				251A151B357BDDC9F6C421B0 /* RemoteCarInfoLoader.swift in Sources */,
				4B7D9FB0F79D5BA3C087A65D /* URLSessionHTTPClient.swift in Sources */,
			);
			runOnlyForDeploymentPostprocessing = 0;
		};
/* End PBXSourcesBuildPhase section */

/* Begin PBXTargetDependency section */
		0B5D12F6C6D33AF71F28D4EC /* PBXTargetDependency */ = {
			isa = PBXTargetDependency;
			name = PlateFinder;
			target = EE9ACE95C4FD24CC61BA688E /* PlateFinder */;
			targetProxy = 0D9B96FD314D6CB2783F17C8 /* PBXContainerItemProxy */;
		};
		E550B8CCDA52F0CFDA4F00FF /* PBXTargetDependency */ = {
			isa = PBXTargetDependency;
			name = PlateFinder;
			target = EE9ACE95C4FD24CC61BA688E /* PlateFinder */;
			targetProxy = D8A940BC585CE643B7535661 /* PBXContainerItemProxy */;
		};
/* End PBXTargetDependency section */

/* Begin XCBuildConfiguration section */
		18D77E82877206D187A5BB79 /* Release */ = {
			isa = XCBuildConfiguration;
			buildSettings = {
				CODE_SIGNING_ALLOWED = NO;
				CODE_SIGN_STYLE = Automatic;
				MACOSX_DEPLOYMENT_TARGET = 15.0;
				PRODUCT_BUNDLE_IDENTIFIER = com.dapeter.notruper.tests;
				PRODUCT_MODULE_NAME = PlateFinderTests;
				PRODUCT_NAME = PlateFinderTests;
				SDKROOT = macosx;
				SWIFT_VERSION = 5.0;
				TEST_HOST = "";
			};
			name = Release;
		};
		21E250E39785E412ADCC22EB /* Debug */ = {
			isa = XCBuildConfiguration;
			buildSettings = {
				CODE_SIGNING_ALLOWED = NO;
				CODE_SIGN_STYLE = Automatic;
				COMBINE_HIDPI_IMAGES = YES;
				CURRENT_PROJECT_VERSION = 1;
				DYLIB_COMPATIBILITY_VERSION = 1;
				DYLIB_CURRENT_VERSION = 1;
				DYLIB_INSTALL_NAME_BASE = "@rpath";
				INSTALL_PATH = "$(LOCAL_LIBRARY_DIR)/Frameworks";
				LD_RUNPATH_SEARCH_PATHS = (
					"$(inherited)",
					"@executable_path/../Frameworks",
					"@loader_path/Frameworks",
				);
				MACOSX_DEPLOYMENT_TARGET = 15.0;
				PRODUCT_BUNDLE_IDENTIFIER = com.dapeter.notruper.domain;
				PRODUCT_NAME = PlateFinder;
				SDKROOT = macosx;
				SKIP_INSTALL = YES;
				SWIFT_VERSION = 5.0;
				VERSIONING_SYSTEM = "apple-generic";
				VERSION_INFO_PREFIX = "";
			};
			name = Debug;
		};
		23C15ECD2E14A90100F01B82 /* Debug */ = {
			isa = XCBuildConfiguration;
			buildSettings = {
				ALWAYS_SEARCH_USER_PATHS = NO;
				ASSETCATALOG_COMPILER_GENERATE_SWIFT_ASSET_SYMBOL_EXTENSIONS = YES;
				CLANG_ANALYZER_NONNULL = YES;
				CLANG_ANALYZER_NUMBER_OBJECT_CONVERSION = YES_AGGRESSIVE;
				CLANG_CXX_LANGUAGE_STANDARD = "gnu++20";
				CLANG_ENABLE_MODULES = YES;
				CLANG_ENABLE_OBJC_ARC = YES;
				CLANG_ENABLE_OBJC_WEAK = YES;
				CLANG_WARN_BLOCK_CAPTURE_AUTORELEASING = YES;
				CLANG_WARN_BOOL_CONVERSION = YES;
				CLANG_WARN_COMMA = YES;
				CLANG_WARN_CONSTANT_CONVERSION = YES;
				CLANG_WARN_DEPRECATED_OBJC_IMPLEMENTATIONS = YES;
				CLANG_WARN_DIRECT_OBJC_ISA_USAGE = YES_ERROR;
				CLANG_WARN_DOCUMENTATION_COMMENTS = YES;
				CLANG_WARN_EMPTY_BODY = YES;
				CLANG_WARN_ENUM_CONVERSION = YES;
				CLANG_WARN_INFINITE_RECURSION = YES;
				CLANG_WARN_INT_CONVERSION = YES;
				CLANG_WARN_NON_LITERAL_NULL_CONVERSION = YES;
				CLANG_WARN_OBJC_IMPLICIT_RETAIN_SELF = YES;
				CLANG_WARN_OBJC_LITERAL_CONVERSION = YES;
				CLANG_WARN_OBJC_ROOT_CLASS = YES_ERROR;
				CLANG_WARN_QUOTED_INCLUDE_IN_FRAMEWORK_HEADER = YES;
				CLANG_WARN_RANGE_LOOP_ANALYSIS = YES;
				CLANG_WARN_STRICT_PROTOTYPES = YES;
				CLANG_WARN_SUSPICIOUS_MOVE = YES;
				CLANG_WARN_UNGUARDED_AVAILABILITY = YES_AGGRESSIVE;
				CLANG_WARN_UNREACHABLE_CODE = YES;
				CLANG_WARN__DUPLICATE_METHOD_MATCH = YES;
				COPY_PHASE_STRIP = NO;
				DEBUG_INFORMATION_FORMAT = dwarf;
				DEVELOPMENT_TEAM = YLLF7E9854;
				ENABLE_STRICT_OBJC_MSGSEND = YES;
				ENABLE_TESTABILITY = YES;
				ENABLE_USER_SCRIPT_SANDBOXING = YES;
				GCC_C_LANGUAGE_STANDARD = gnu17;
				GCC_DYNAMIC_NO_PIC = NO;
				GCC_NO_COMMON_BLOCKS = YES;
				GCC_OPTIMIZATION_LEVEL = 0;
				GCC_PREPROCESSOR_DEFINITIONS = (
					"DEBUG=1",
					"$(inherited)",
				);
				GCC_WARN_64_TO_32_BIT_CONVERSION = YES;
				GCC_WARN_ABOUT_RETURN_TYPE = YES_ERROR;
				GCC_WARN_UNDECLARED_SELECTOR = YES;
				GCC_WARN_UNINITIALIZED_AUTOS = YES_AGGRESSIVE;
				GCC_WARN_UNUSED_FUNCTION = YES;
				GCC_WARN_UNUSED_VARIABLE = YES;
				IPHONEOS_DEPLOYMENT_TARGET = 18.5;
				LOCALIZATION_PREFERS_STRING_CATALOGS = YES;
				MTL_ENABLE_DEBUG_INFO = INCLUDE_SOURCE;
				MTL_FAST_MATH = YES;
				ONLY_ACTIVE_ARCH = YES;
				SDKROOT = iphoneos;
				SWIFT_ACTIVE_COMPILATION_CONDITIONS = "DEBUG $(inherited)";
				SWIFT_OPTIMIZATION_LEVEL = "-Onone";
				SWIFT_STRICT_CONCURRENCY = complete;
			};
			name = Debug;
		};
		23C15ECE2E14A90100F01B82 /* Release */ = {
			isa = XCBuildConfiguration;
			buildSettings = {
				ALWAYS_SEARCH_USER_PATHS = NO;
				ASSETCATALOG_COMPILER_GENERATE_SWIFT_ASSET_SYMBOL_EXTENSIONS = YES;
				CLANG_ANALYZER_NONNULL = YES;
				CLANG_ANALYZER_NUMBER_OBJECT_CONVERSION = YES_AGGRESSIVE;
				CLANG_CXX_LANGUAGE_STANDARD = "gnu++20";
				CLANG_ENABLE_MODULES = YES;
				CLANG_ENABLE_OBJC_ARC = YES;
				CLANG_ENABLE_OBJC_WEAK = YES;
				CLANG_WARN_BLOCK_CAPTURE_AUTORELEASING = YES;
				CLANG_WARN_BOOL_CONVERSION = YES;
				CLANG_WARN_COMMA = YES;
				CLANG_WARN_CONSTANT_CONVERSION = YES;
				CLANG_WARN_DEPRECATED_OBJC_IMPLEMENTATIONS = YES;
				CLANG_WARN_DIRECT_OBJC_ISA_USAGE = YES_ERROR;
				CLANG_WARN_DOCUMENTATION_COMMENTS = YES;
				CLANG_WARN_EMPTY_BODY = YES;
				CLANG_WARN_ENUM_CONVERSION = YES;
				CLANG_WARN_INFINITE_RECURSION = YES;
				CLANG_WARN_INT_CONVERSION = YES;
				CLANG_WARN_NON_LITERAL_NULL_CONVERSION = YES;
				CLANG_WARN_OBJC_IMPLICIT_RETAIN_SELF = YES;
				CLANG_WARN_OBJC_LITERAL_CONVERSION = YES;
				CLANG_WARN_OBJC_ROOT_CLASS = YES_ERROR;
				CLANG_WARN_QUOTED_INCLUDE_IN_FRAMEWORK_HEADER = YES;
				CLANG_WARN_RANGE_LOOP_ANALYSIS = YES;
				CLANG_WARN_STRICT_PROTOTYPES = YES;
				CLANG_WARN_SUSPICIOUS_MOVE = YES;
				CLANG_WARN_UNGUARDED_AVAILABILITY = YES_AGGRESSIVE;
				CLANG_WARN_UNREACHABLE_CODE = YES;
				CLANG_WARN__DUPLICATE_METHOD_MATCH = YES;
				COPY_PHASE_STRIP = NO;
				DEBUG_INFORMATION_FORMAT = "dwarf-with-dsym";
				DEVELOPMENT_TEAM = YLLF7E9854;
				ENABLE_NS_ASSERTIONS = NO;
				ENABLE_STRICT_OBJC_MSGSEND = YES;
				ENABLE_USER_SCRIPT_SANDBOXING = YES;
				GCC_C_LANGUAGE_STANDARD = gnu17;
				GCC_NO_COMMON_BLOCKS = YES;
				GCC_WARN_64_TO_32_BIT_CONVERSION = YES;
				GCC_WARN_ABOUT_RETURN_TYPE = YES_ERROR;
				GCC_WARN_UNDECLARED_SELECTOR = YES;
				GCC_WARN_UNINITIALIZED_AUTOS = YES_AGGRESSIVE;
				GCC_WARN_UNUSED_FUNCTION = YES;
				GCC_WARN_UNUSED_VARIABLE = YES;
				IPHONEOS_DEPLOYMENT_TARGET = 18.5;
				LOCALIZATION_PREFERS_STRING_CATALOGS = YES;
				MTL_ENABLE_DEBUG_INFO = NO;
				MTL_FAST_MATH = YES;
				SDKROOT = iphoneos;
				SWIFT_COMPILATION_MODE = wholemodule;
				SWIFT_STRICT_CONCURRENCY = complete;
				VALIDATE_PRODUCT = YES;
			};
			name = Release;
		};
		23C15ED02E14A90100F01B82 /* Debug */ = {
			isa = XCBuildConfiguration;
			buildSettings = {
				ASSETCATALOG_COMPILER_APPICON_NAME = AppIcon;
				ASSETCATALOG_COMPILER_GLOBAL_ACCENT_COLOR_NAME = AccentColor;
				CODE_SIGN_IDENTITY = "Apple Development";
				"CODE_SIGN_IDENTITY[sdk=iphoneos*]" = "iPhone Developer";
				CODE_SIGN_STYLE = Manual;
				CURRENT_PROJECT_VERSION = 2;
				DEVELOPMENT_TEAM = "";
				"DEVELOPMENT_TEAM[sdk=iphoneos*]" = YLLF7E9854;
				ENABLE_PREVIEWS = YES;
				GENERATE_INFOPLIST_FILE = YES;
				INFOPLIST_KEY_CFBundleDevelopmentRegion = es;
				INFOPLIST_KEY_CFBundleLocalizations = "en es";
				INFOPLIST_KEY_ITSAppUsesNonExemptEncryption = NO;
				INFOPLIST_KEY_UIApplicationSceneManifest_Generation = YES;
				INFOPLIST_KEY_UIApplicationSupportsIndirectInputEvents = YES;
				INFOPLIST_KEY_UILaunchScreen_Generation = YES;
				INFOPLIST_KEY_UISupportedInterfaceOrientations_iPad = "UIInterfaceOrientationPortrait UIInterfaceOrientationPortraitUpsideDown UIInterfaceOrientationLandscapeLeft UIInterfaceOrientationLandscapeRight";
				INFOPLIST_KEY_UISupportedInterfaceOrientations_iPhone = "UIInterfaceOrientationPortrait UIInterfaceOrientationLandscapeLeft UIInterfaceOrientationLandscapeRight";
				IPHONEOS_DEPLOYMENT_TARGET = 17.6;
				LD_RUNPATH_SEARCH_PATHS = (
					"$(inherited)",
					"@executable_path/Frameworks",
				);
				MARKETING_VERSION = 1.0;
				PRODUCT_BUNDLE_IDENTIFIER = com.dapeter.notruper;
				PRODUCT_NAME = "$(TARGET_NAME)";
				PROVISIONING_PROFILE_SPECIFIER = "";
				"PROVISIONING_PROFILE_SPECIFIER[sdk=iphoneos*]" = "match Development com.dapeter.notruper";
				SWIFT_EMIT_LOC_STRINGS = YES;
				SWIFT_VERSION = 5.0;
				TARGETED_DEVICE_FAMILY = "1,2";
			};
			name = Debug;
		};
		23C15ED12E14A90100F01B82 /* Release */ = {
			isa = XCBuildConfiguration;
			buildSettings = {
				ASSETCATALOG_COMPILER_APPICON_NAME = AppIcon;
				ASSETCATALOG_COMPILER_GLOBAL_ACCENT_COLOR_NAME = AccentColor;
				CODE_SIGN_IDENTITY = "Apple Development";
				"CODE_SIGN_IDENTITY[sdk=iphoneos*]" = "iPhone Distribution";
				CODE_SIGN_STYLE = Manual;
				CURRENT_PROJECT_VERSION = 2;
				DEVELOPMENT_TEAM = "";
				"DEVELOPMENT_TEAM[sdk=iphoneos*]" = YLLF7E9854;
				ENABLE_PREVIEWS = YES;
				GENERATE_INFOPLIST_FILE = YES;
				INFOPLIST_KEY_CFBundleDevelopmentRegion = es;
				INFOPLIST_KEY_CFBundleLocalizations = "en es";
				INFOPLIST_KEY_ITSAppUsesNonExemptEncryption = NO;
				INFOPLIST_KEY_UIApplicationSceneManifest_Generation = YES;
				INFOPLIST_KEY_UIApplicationSupportsIndirectInputEvents = YES;
				INFOPLIST_KEY_UILaunchScreen_Generation = YES;
				INFOPLIST_KEY_UISupportedInterfaceOrientations_iPad = "UIInterfaceOrientationPortrait UIInterfaceOrientationPortraitUpsideDown UIInterfaceOrientationLandscapeLeft UIInterfaceOrientationLandscapeRight";
				INFOPLIST_KEY_UISupportedInterfaceOrientations_iPhone = "UIInterfaceOrientationPortrait UIInterfaceOrientationLandscapeLeft UIInterfaceOrientationLandscapeRight";
				IPHONEOS_DEPLOYMENT_TARGET = 17.6;
				LD_RUNPATH_SEARCH_PATHS = (
					"$(inherited)",
					"@executable_path/Frameworks",
				);
				MARKETING_VERSION = 1.0;
				PRODUCT_BUNDLE_IDENTIFIER = com.dapeter.notruper;
				PRODUCT_NAME = "$(TARGET_NAME)";
				PROVISIONING_PROFILE_SPECIFIER = "";
				"PROVISIONING_PROFILE_SPECIFIER[sdk=iphoneos*]" = "match AppStore com.dapeter.notruper";
				SWIFT_EMIT_LOC_STRINGS = YES;
				SWIFT_VERSION = 5.0;
				TARGETED_DEVICE_FAMILY = "1,2";
			};
			name = Release;
		};
		2C4F3C58B2E00518BFDA73A5 /* Debug */ = {
			isa = XCBuildConfiguration;
			buildSettings = {
				CODE_SIGNING_ALLOWED = NO;
				CODE_SIGN_STYLE = Automatic;
				MACOSX_DEPLOYMENT_TARGET = 15.0;
				PRODUCT_BUNDLE_IDENTIFIER = com.dapeter.notruper.tests;
				PRODUCT_MODULE_NAME = PlateFinderTests;
				PRODUCT_NAME = PlateFinderTests;
				SDKROOT = macosx;
				SWIFT_VERSION = 5.0;
				TEST_HOST = "";
			};
			name = Debug;
		};
		2F00CF8494FA1B05476B175C /* Debug */ = {
			isa = XCBuildConfiguration;
			buildSettings = {
				CODE_SIGNING_ALLOWED = NO;
				CODE_SIGN_STYLE = Automatic;
				MACOSX_DEPLOYMENT_TARGET = 15.0;
				PRODUCT_BUNDLE_IDENTIFIER = com.dapeter.notruper.e2etests;
				PRODUCT_MODULE_NAME = PlateFinderAPIEndToEndTests;
				PRODUCT_NAME = PlateFinderAPIEndToEndTests;
				SDKROOT = macosx;
				SWIFT_VERSION = 5.0;
				TEST_HOST = "";
			};
			name = Debug;
		};
		3912B688E86F890150F70DDD /* Release */ = {
			isa = XCBuildConfiguration;
			buildSettings = {
				CODE_SIGNING_ALLOWED = NO;
				CODE_SIGN_STYLE = Automatic;
				MACOSX_DEPLOYMENT_TARGET = 15.0;
				PRODUCT_BUNDLE_IDENTIFIER = com.dapeter.notruper.e2etests;
				PRODUCT_MODULE_NAME = PlateFinderAPIEndToEndTests;
				PRODUCT_NAME = PlateFinderAPIEndToEndTests;
				SDKROOT = macosx;
				SWIFT_VERSION = 5.0;
				TEST_HOST = "";
			};
			name = Release;
		};
		87D6AD97FD212A12EE70857A /* Release */ = {
			isa = XCBuildConfiguration;
			buildSettings = {
				CODE_SIGNING_ALLOWED = NO;
				CODE_SIGN_STYLE = Automatic;
				COMBINE_HIDPI_IMAGES = YES;
				CURRENT_PROJECT_VERSION = 1;
				DYLIB_COMPATIBILITY_VERSION = 1;
				DYLIB_CURRENT_VERSION = 1;
				DYLIB_INSTALL_NAME_BASE = "@rpath";
				INSTALL_PATH = "$(LOCAL_LIBRARY_DIR)/Frameworks";
				LD_RUNPATH_SEARCH_PATHS = (
					"$(inherited)",
					"@executable_path/../Frameworks",
					"@loader_path/Frameworks",
				);
				MACOSX_DEPLOYMENT_TARGET = 15.0;
				PRODUCT_BUNDLE_IDENTIFIER = com.dapeter.notruper.domain;
				PRODUCT_NAME = PlateFinder;
				SDKROOT = macosx;
				SKIP_INSTALL = YES;
				SWIFT_VERSION = 5.0;
				VERSIONING_SYSTEM = "apple-generic";
				VERSION_INFO_PREFIX = "";
			};
			name = Release;
		};
/* End XCBuildConfiguration section */

/* Begin XCConfigurationList section */
		23C15EBF2E14A8FD00F01B82 /* Build configuration list for PBXProject "PlateFinder" */ = {
			isa = XCConfigurationList;
			buildConfigurations = (
				23C15ECD2E14A90100F01B82 /* Debug */,
				23C15ECE2E14A90100F01B82 /* Release */,
			);
			defaultConfigurationIsVisible = 0;
			defaultConfigurationName = Release;
		};
		23C15ECF2E14A90100F01B82 /* Build configuration list for PBXNativeTarget "PlateFinder" */ = {
			isa = XCConfigurationList;
			buildConfigurations = (
				23C15ED02E14A90100F01B82 /* Debug */,
				23C15ED12E14A90100F01B82 /* Release */,
			);
			defaultConfigurationIsVisible = 0;
			defaultConfigurationName = Release;
		};
		69629BFB8BCCA1A82D97849E /* Build configuration list for PBXNativeTarget "PlateFinderTests" */ = {
			isa = XCConfigurationList;
			buildConfigurations = (
				18D77E82877206D187A5BB79 /* Release */,
				2C4F3C58B2E00518BFDA73A5 /* Debug */,
			);
			defaultConfigurationIsVisible = 0;
			defaultConfigurationName = Release;
		};
		819744C1A644BBD180E3F496 /* Build configuration list for PBXNativeTarget "PlateFinderAPIEndToEndTests" */ = {
			isa = XCConfigurationList;
			buildConfigurations = (
				3912B688E86F890150F70DDD /* Release */,
				2F00CF8494FA1B05476B175C /* Debug */,
			);
			defaultConfigurationIsVisible = 0;
			defaultConfigurationName = Release;
		};
		99FB5A88046E9999C482F282 /* Build configuration list for PBXNativeTarget "PlateFinder" */ = {
			isa = XCConfigurationList;
			buildConfigurations = (
				87D6AD97FD212A12EE70857A /* Release */,
				21E250E39785E412ADCC22EB /* Debug */,
			);
			defaultConfigurationIsVisible = 0;
			defaultConfigurationName = Release;
		};
/* End XCConfigurationList section */

/* Begin XCRemoteSwiftPackageReference section */
		23C15EE62E14C00600F01B82 /* XCRemoteSwiftPackageReference "SwiftSoup" */ = {
			isa = XCRemoteSwiftPackageReference;
			repositoryURL = "https://github.com/scinfu/SwiftSoup.git";
			requirement = {
				kind = upToNextMajorVersion;
				minimumVersion = 2.8.8;
			};
		};
/* End XCRemoteSwiftPackageReference section */

/* Begin XCSwiftPackageProductDependency section */
		23C15EE72E14C00700F01B82 /* SwiftSoup */ = {
			isa = XCSwiftPackageProductDependency;
			package = 23C15EE62E14C00600F01B82 /* XCRemoteSwiftPackageReference "SwiftSoup" */;
			productName = SwiftSoup;
		};
		48261460370CAD1D0ADC68A8 /* SwiftSoup */ = {
			isa = XCSwiftPackageProductDependency;
			package = 23C15EE62E14C00600F01B82 /* XCRemoteSwiftPackageReference "SwiftSoup" */;
			productName = SwiftSoup;
		};
/* End XCSwiftPackageProductDependency section */
	};
	rootObject = 23C15EBC2E14A8FD00F01B82 /* Project object */;
}
